lockfileVersion: '9.0'

settings:
  autoInstallPeers: true
  excludeLinksFromLockfile: false

importers:

  .:
    dependencies:
      '@keyless/sdk-web':
        specifier: 2.1.0-rc.0
        version: 2.1.0-rc.0
      '@keyless/sdk-web-components':
        specifier: 2.1.0-rc.0
        version: 2.1.0-rc.0

packages:

  '@keyless/sdk-web-components@2.1.0-rc.0':
    resolution: {integrity: sha512-uYzIzl87dJJbNgmbVpHbyt5qnl9rC5prbYxFUpGr/I7dXUDnPvuUqNIIV0bHMG7h621F3AcjCfVem374nANd8g==}

  '@keyless/sdk-web@2.1.0-rc.0':
    resolution: {integrity: sha512-vcY6wtvrpeCIpRGnsO6os7WEhYQMhOKdk5kiWSLSMT0C53t1G2N4Bx6BhPkn6jNDD4xfov7kIqf7THzOpTNhEA==}

snapshots:

  '@keyless/sdk-web-components@2.1.0-rc.0': {}

  '@keyless/sdk-web@2.1.0-rc.0': {}
