lockfileVersion: '9.0'

settings:
  autoInstallPeers: true
  excludeLinksFromLockfile: false

importers:

  .:
    dependencies:
      '@keyless/sdk-web':
        specifier: 2.1.0-rc.1
        version: 2.1.0-rc.1
      '@keyless/sdk-web-components':
        specifier: 2.1.0-rc.1
        version: 2.1.0-rc.1

packages:

  '@keyless/sdk-web-components@2.1.0-rc.1':
    resolution: {integrity: sha512-k5wP49GqrLsD75ugJUhEdVcV/wd2WB2qhSGM+nsqkTMDkSCICVcU7kuUDTpDN5zBIzdUAJylzJDZ/9J8BeEm/A==}

  '@keyless/sdk-web@2.1.0-rc.1':
    resolution: {integrity: sha512-H19XFU9x2sfyfkrJ2PfogQ19uiiovxsNneJPo38hkxaXChiLN76pBgqOzjGJU6A9XthyLZuCMoveVEqVXqnIvw==}

snapshots:

  '@keyless/sdk-web-components@2.1.0-rc.1': {}

  '@keyless/sdk-web@2.1.0-rc.1': {}
